
Microsoft Visual Studio Solution File, Format Version 12.00
Project("{FAE04EC0-301F-11D3-BF4B-00C04F79EFBC}") = "Warehouse.Api", "Warehouse.Api\Warehouse.Api.csproj", "{055074DC-25B4-4C89-930C-8C63BE588BFC}"
EndProject
Project("{FAE04EC0-301F-11D3-BF4B-00C04F79EFBC}") = "Warehouse.Application", "Warehouse.Application\Warehouse.Application.csproj", "{2D72BD8F-73DB-4E43-9187-169F8D5E56D5}"
EndProject
Project("{FAE04EC0-301F-11D3-BF4B-00C04F79EFBC}") = "Warehouse.Infrastructure", "Warehouse.Infrastructure\Warehouse.Infrastructure.csproj", "{1AD7F3CA-EF58-4836-9F09-160E08F5B489}"
EndProject
Project("{FAE04EC0-301F-11D3-BF4B-00C04F79EFBC}") = "Warehouse.Domain", "Warehouse.Domain\Warehouse.Domain.csproj", "{DD08FADB-4FFA-4529-B126-03663FDF6907}"
EndProject
Project("{2150E333-8FDC-42A3-9474-1A3956D46DE8}") = "Tests", "Tests", "{85411C1F-E58E-4463-902E-6C69D2ACDE72}"
EndProject
Project("{FAE04EC0-301F-11D3-BF4B-00C04F79EFBC}") = "Warehouse.Domain.UnitTests", "Warehouse.Domain.UnitTests\Warehouse.Domain.UnitTests.csproj", "{C0F58BF9-7F6D-4341-A050-4231EC70384C}"
EndProject
Global
	GlobalSection(SolutionConfigurationPlatforms) = preSolution
		Debug|Any CPU = Debug|Any CPU
		Release|Any CPU = Release|Any CPU
	EndGlobalSection
	GlobalSection(ProjectConfigurationPlatforms) = postSolution
		{055074DC-25B4-4C89-930C-8C63BE588BFC}.Debug|Any CPU.ActiveCfg = Debug|Any CPU
		{055074DC-25B4-4C89-930C-8C63BE588BFC}.Debug|Any CPU.Build.0 = Debug|Any CPU
		{055074DC-25B4-4C89-930C-8C63BE588BFC}.Release|Any CPU.ActiveCfg = Release|Any CPU
		{055074DC-25B4-4C89-930C-8C63BE588BFC}.Release|Any CPU.Build.0 = Release|Any CPU
		{2D72BD8F-73DB-4E43-9187-169F8D5E56D5}.Debug|Any CPU.ActiveCfg = Debug|Any CPU
		{2D72BD8F-73DB-4E43-9187-169F8D5E56D5}.Debug|Any CPU.Build.0 = Debug|Any CPU
		{2D72BD8F-73DB-4E43-9187-169F8D5E56D5}.Release|Any CPU.ActiveCfg = Release|Any CPU
		{2D72BD8F-73DB-4E43-9187-169F8D5E56D5}.Release|Any CPU.Build.0 = Release|Any CPU
		{1AD7F3CA-EF58-4836-9F09-160E08F5B489}.Debug|Any CPU.ActiveCfg = Debug|Any CPU
		{1AD7F3CA-EF58-4836-9F09-160E08F5B489}.Debug|Any CPU.Build.0 = Debug|Any CPU
		{1AD7F3CA-EF58-4836-9F09-160E08F5B489}.Release|Any CPU.ActiveCfg = Release|Any CPU
		{1AD7F3CA-EF58-4836-9F09-160E08F5B489}.Release|Any CPU.Build.0 = Release|Any CPU
		{DD08FADB-4FFA-4529-B126-03663FDF6907}.Debug|Any CPU.ActiveCfg = Debug|Any CPU
		{DD08FADB-4FFA-4529-B126-03663FDF6907}.Debug|Any CPU.Build.0 = Debug|Any CPU
		{DD08FADB-4FFA-4529-B126-03663FDF6907}.Release|Any CPU.ActiveCfg = Release|Any CPU
		{DD08FADB-4FFA-4529-B126-03663FDF6907}.Release|Any CPU.Build.0 = Release|Any CPU
		{C0F58BF9-7F6D-4341-A050-4231EC70384C}.Debug|Any CPU.ActiveCfg = Debug|Any CPU
		{C0F58BF9-7F6D-4341-A050-4231EC70384C}.Debug|Any CPU.Build.0 = Debug|Any CPU
		{C0F58BF9-7F6D-4341-A050-4231EC70384C}.Release|Any CPU.ActiveCfg = Release|Any CPU
		{C0F58BF9-7F6D-4341-A050-4231EC70384C}.Release|Any CPU.Build.0 = Release|Any CPU
	EndGlobalSection
	GlobalSection(NestedProjects) = preSolution
		{C0F58BF9-7F6D-4341-A050-4231EC70384C} = {85411C1F-E58E-4463-902E-6C69D2ACDE72}
	EndGlobalSection
EndGlobal
